// !$*UTF8*$!
{
	archiveVersion = 1;
	classes = {
	};
	objectVersion = 46;
	objects = {

/* Begin PBXBuildFile section */
		F9144E3218DF4761004CDFE4 /* XCTest.framework in Frameworks */ = {isa = PBXBuildFile; fileRef = F9144E3118DF4760004CDFE4 /* XCTest.framework */; };
		F9144E3418DF4761004CDFE4 /* Foundation.framework in Frameworks */ = {isa = PBXBuildFile; fileRef = F9144E3318DF4761004CDFE4 /* Foundation.framework */; };
		F9144E3618DF4761004CDFE4 /* UIKit.framework in Frameworks */ = {isa = PBXBuildFile; fileRef = F9144E3518DF4761004CDFE4 /* UIKit.framework */; };
		F9144E3C18DF4761004CDFE4 /* InfoPlist.strings in Resources */ = {isa = PBXBuildFile; fileRef = F9144E3A18DF4761004CDFE4 /* InfoPlist.strings */; };
		F9144E4818DF4778004CDFE4 /* XCTest.framework in Frameworks */ = {isa = PBXBuildFile; fileRef = F9144E3118DF4760004CDFE4 /* XCTest.framework */; };
		F9144E4E18DF4778004CDFE4 /* InfoPlist.strings in Resources */ = {isa = PBXBuildFile; fileRef = F9144E4C18DF4778004CDFE4 /* InfoPlist.strings */; };
		F9144E5B18DF479B004CDFE4 /* OMDeferredTests.m in Sources */ = {isa = PBXBuildFile; fileRef = F9144E5718DF479B004CDFE4 /* OMDeferredTests.m */; };
		F9144E5C18DF479B004CDFE4 /* OMDeferredTests.m in Sources */ = {isa = PBXBuildFile; fileRef = F9144E5718DF479B004CDFE4 /* OMDeferredTests.m */; };
		F9144E5D18DF479B004CDFE4 /* OMPromiseTests.m in Sources */ = {isa = PBXBuildFile; fileRef = F9144E5818DF479B004CDFE4 /* OMPromiseTests.m */; };
		F9144E5E18DF479B004CDFE4 /* OMPromiseTests.m in Sources */ = {isa = PBXBuildFile; fileRef = F9144E5818DF479B004CDFE4 /* OMPromiseTests.m */; };
		F9144E5F18DF479B004CDFE4 /* OMHTTPPromiseTests.m in Sources */ = {isa = PBXBuildFile; fileRef = F9144E5A18DF479B004CDFE4 /* OMHTTPPromiseTests.m */; };
		F9144E6018DF479B004CDFE4 /* OMHTTPPromiseTests.m in Sources */ = {isa = PBXBuildFile; fileRef = F9144E5A18DF479B004CDFE4 /* OMHTTPPromiseTests.m */; };
/* End PBXBuildFile section */

/* Begin PBXFileReference section */
		F9144E2E18DF4760004CDFE4 /* iOS-Tests.xctest */ = {isa = PBXFileReference; explicitFileType = wrapper.cfbundle; includeInIndex = 0; path = "iOS-Tests.xctest"; sourceTree = BUILT_PRODUCTS_DIR; };
		F9144E3118DF4760004CDFE4 /* XCTest.framework */ = {isa = PBXFileReference; lastKnownFileType = wrapper.framework; name = XCTest.framework; path = Library/Frameworks/XCTest.framework; sourceTree = DEVELOPER_DIR; };
		F9144E3318DF4761004CDFE4 /* Foundation.framework */ = {isa = PBXFileReference; lastKnownFileType = wrapper.framework; name = Foundation.framework; path = Library/Frameworks/Foundation.framework; sourceTree = DEVELOPER_DIR; };
		F9144E3518DF4761004CDFE4 /* UIKit.framework */ = {isa = PBXFileReference; lastKnownFileType = wrapper.framework; name = UIKit.framework; path = Library/Frameworks/UIKit.framework; sourceTree = DEVELOPER_DIR; };
		F9144E3918DF4761004CDFE4 /* iOS-Tests-Info.plist */ = {isa = PBXFileReference; lastKnownFileType = text.plist.xml; path = "iOS-Tests-Info.plist"; sourceTree = "<group>"; };
		F9144E3B18DF4761004CDFE4 /* en */ = {isa = PBXFileReference; lastKnownFileType = text.plist.strings; name = en; path = en.lproj/InfoPlist.strings; sourceTree = "<group>"; };
		F9144E3F18DF4761004CDFE4 /* iOS-Tests-Prefix.pch */ = {isa = PBXFileReference; lastKnownFileType = sourcecode.c.h; path = "iOS-Tests-Prefix.pch"; sourceTree = "<group>"; };
		F9144E4718DF4778004CDFE4 /* OS-X-Tests.xctest */ = {isa = PBXFileReference; explicitFileType = wrapper.cfbundle; includeInIndex = 0; path = "OS-X-Tests.xctest"; sourceTree = BUILT_PRODUCTS_DIR; };
		F9144E4B18DF4778004CDFE4 /* OS-X-Tests-Info.plist */ = {isa = PBXFileReference; lastKnownFileType = text.plist.xml; path = "OS-X-Tests-Info.plist"; sourceTree = "<group>"; };
		F9144E4D18DF4778004CDFE4 /* en */ = {isa = PBXFileReference; lastKnownFileType = text.plist.strings; name = en; path = en.lproj/InfoPlist.strings; sourceTree = "<group>"; };
		F9144E5118DF4778004CDFE4 /* OS-X-Tests-Prefix.pch */ = {isa = PBXFileReference; lastKnownFileType = sourcecode.c.h; path = "OS-X-Tests-Prefix.pch"; sourceTree = "<group>"; };
		F9144E5718DF479B004CDFE4 /* OMDeferredTests.m */ = {isa = PBXFileReference; fileEncoding = 4; lastKnownFileType = sourcecode.c.objc; path = OMDeferredTests.m; sourceTree = "<group>"; };
		F9144E5818DF479B004CDFE4 /* OMPromiseTests.m */ = {isa = PBXFileReference; fileEncoding = 4; lastKnownFileType = sourcecode.c.objc; path = OMPromiseTests.m; sourceTree = "<group>"; };
		F9144E5A18DF479B004CDFE4 /* OMHTTPPromiseTests.m */ = {isa = PBXFileReference; fileEncoding = 4; lastKnownFileType = sourcecode.c.objc; path = OMHTTPPromiseTests.m; sourceTree = "<group>"; };
/* End PBXFileReference section */

/* Begin PBXFrameworksBuildPhase section */
		F9144E2B18DF4760004CDFE4 /* Frameworks */ = {
			isa = PBXFrameworksBuildPhase;
			buildActionMask = 2147483647;
			files = (
				F9144E3218DF4761004CDFE4 /* XCTest.framework in Frameworks */,
				F9144E3618DF4761004CDFE4 /* UIKit.framework in Frameworks */,
				F9144E3418DF4761004CDFE4 /* Foundation.framework in Frameworks */,
			);
			runOnlyForDeploymentPostprocessing = 0;
		};
		F9144E4418DF4778004CDFE4 /* Frameworks */ = {
			isa = PBXFrameworksBuildPhase;
			buildActionMask = 2147483647;
			files = (
				F9144E4818DF4778004CDFE4 /* XCTest.framework in Frameworks */,
			);
			runOnlyForDeploymentPostprocessing = 0;
		};
/* End PBXFrameworksBuildPhase section */

/* Begin PBXGroup section */
		F9144E2318DF474C004CDFE4 = {
			isa = PBXGroup;
			children = (
				F9144E5518DF4786004CDFE4 /* Tests */,
				F9144E3718DF4761004CDFE4 /* iOS-Tests */,
				F9144E4918DF4778004CDFE4 /* OS-X-Tests */,
				F9144E3018DF4760004CDFE4 /* Frameworks */,
				F9144E2F18DF4760004CDFE4 /* Products */,
			);
			sourceTree = "<group>";
		};
		F9144E2F18DF4760004CDFE4 /* Products */ = {
			isa = PBXGroup;
			children = (
				F9144E2E18DF4760004CDFE4 /* iOS-Tests.xctest */,
				F9144E4718DF4778004CDFE4 /* OS-X-Tests.xctest */,
			);
			name = Products;
			sourceTree = "<group>";
		};
		F9144E3018DF4760004CDFE4 /* Frameworks */ = {
			isa = PBXGroup;
			children = (
				F9144E3118DF4760004CDFE4 /* XCTest.framework */,
				F9144E3318DF4761004CDFE4 /* Foundation.framework */,
				F9144E3518DF4761004CDFE4 /* UIKit.framework */,
			);
			name = Frameworks;
			sourceTree = "<group>";
		};
		F9144E3718DF4761004CDFE4 /* iOS-Tests */ = {
			isa = PBXGroup;
			children = (
				F9144E3818DF4761004CDFE4 /* Supporting Files */,
			);
			path = "iOS-Tests";
			sourceTree = "<group>";
		};
		F9144E3818DF4761004CDFE4 /* Supporting Files */ = {
			isa = PBXGroup;
			children = (
				F9144E3918DF4761004CDFE4 /* iOS-Tests-Info.plist */,
				F9144E3A18DF4761004CDFE4 /* InfoPlist.strings */,
				F9144E3F18DF4761004CDFE4 /* iOS-Tests-Prefix.pch */,
			);
			name = "Supporting Files";
			sourceTree = "<group>";
		};
		F9144E4918DF4778004CDFE4 /* OS-X-Tests */ = {
			isa = PBXGroup;
			children = (
				F9144E4A18DF4778004CDFE4 /* Supporting Files */,
			);
			path = "OS-X-Tests";
			sourceTree = "<group>";
		};
		F9144E4A18DF4778004CDFE4 /* Supporting Files */ = {
			isa = PBXGroup;
			children = (
				F9144E4B18DF4778004CDFE4 /* OS-X-Tests-Info.plist */,
				F9144E4C18DF4778004CDFE4 /* InfoPlist.strings */,
				F9144E5118DF4778004CDFE4 /* OS-X-Tests-Prefix.pch */,
			);
			name = "Supporting Files";
			sourceTree = "<group>";
		};
		F9144E5518DF4786004CDFE4 /* Tests */ = {
			isa = PBXGroup;
			children = (
				F9144E5618DF479B004CDFE4 /* Core */,
				F9144E5918DF479B004CDFE4 /* HTTP */,
			);
			name = Tests;
			sourceTree = "<group>";
		};
		F9144E5618DF479B004CDFE4 /* Core */ = {
			isa = PBXGroup;
			children = (
				F9144E5718DF479B004CDFE4 /* OMDeferredTests.m */,
				F9144E5818DF479B004CDFE4 /* OMPromiseTests.m */,
			);
			name = Core;
			path = ../Core;
			sourceTree = "<group>";
		};
		F9144E5918DF479B004CDFE4 /* HTTP */ = {
			isa = PBXGroup;
			children = (
				F9144E5A18DF479B004CDFE4 /* OMHTTPPromiseTests.m */,
			);
			name = HTTP;
			path = ../HTTP;
			sourceTree = "<group>";
		};
/* End PBXGroup section */

/* Begin PBXNativeTarget section */
		F9144E2D18DF4760004CDFE4 /* iOS-Tests */ = {
			isa = PBXNativeTarget;
			buildConfigurationList = F9144E4018DF4761004CDFE4 /* Build configuration list for PBXNativeTarget "iOS-Tests" */;
			buildPhases = (
				F9144E2A18DF4760004CDFE4 /* Sources */,
				F9144E2B18DF4760004CDFE4 /* Frameworks */,
				F9144E2C18DF4760004CDFE4 /* Resources */,
			);
			buildRules = (
			);
			dependencies = (
			);
			name = "iOS-Tests";
			productName = "iOS-Tests";
			productReference = F9144E2E18DF4760004CDFE4 /* iOS-Tests.xctest */;
			productType = "com.apple.product-type.bundle.unit-test";
		};
		F9144E4618DF4778004CDFE4 /* OS-X-Tests */ = {
			isa = PBXNativeTarget;
			buildConfigurationList = F9144E5218DF4778004CDFE4 /* Build configuration list for PBXNativeTarget "OS-X-Tests" */;
			buildPhases = (
				F9144E4318DF4778004CDFE4 /* Sources */,
				F9144E4418DF4778004CDFE4 /* Frameworks */,
				F9144E4518DF4778004CDFE4 /* Resources */,
			);
			buildRules = (
			);
			dependencies = (
			);
			name = "OS-X-Tests";
			productName = "OS-X-Tests";
			productReference = F9144E4718DF4778004CDFE4 /* OS-X-Tests.xctest */;
			productType = "com.apple.product-type.bundle.unit-test";
		};
/* End PBXNativeTarget section */

/* Begin PBXProject section */
		F9144E2418DF474C004CDFE4 /* Project object */ = {
			isa = PBXProject;
			attributes = {
				LastUpgradeCheck = 0500;
			};
			buildConfigurationList = F9144E2718DF474C004CDFE4 /* Build configuration list for PBXProject "OMPromisesTests" */;
			compatibilityVersion = "Xcode 3.2";
			developmentRegion = English;
			hasScannedForEncodings = 0;
			knownRegions = (
				en,
			);
			mainGroup = F9144E2318DF474C004CDFE4;
			productRefGroup = F9144E2F18DF4760004CDFE4 /* Products */;
			projectDirPath = "";
			projectRoot = "";
			targets = (
				F9144E2D18DF4760004CDFE4 /* iOS-Tests */,
				F9144E4618DF4778004CDFE4 /* OS-X-Tests */,
			);
		};
/* End PBXProject section */

/* Begin PBXResourcesBuildPhase section */
		F9144E2C18DF4760004CDFE4 /* Resources */ = {
			isa = PBXResourcesBuildPhase;
			buildActionMask = 2147483647;
			files = (
				F9144E3C18DF4761004CDFE4 /* InfoPlist.strings in Resources */,
			);
			runOnlyForDeploymentPostprocessing = 0;
		};
		F9144E4518DF4778004CDFE4 /* Resources */ = {
			isa = PBXResourcesBuildPhase;
			buildActionMask = 2147483647;
			files = (
				F9144E4E18DF4778004CDFE4 /* InfoPlist.strings in Resources */,
			);
			runOnlyForDeploymentPostprocessing = 0;
		};
/* End PBXResourcesBuildPhase section */

/* Begin PBXSourcesBuildPhase section */
		F9144E2A18DF4760004CDFE4 /* Sources */ = {
			isa = PBXSourcesBuildPhase;
			buildActionMask = 2147483647;
			files = (
				F9144E5B18DF479B004CDFE4 /* OMDeferredTests.m in Sources */,
				F9144E5F18DF479B004CDFE4 /* OMHTTPPromiseTests.m in Sources */,
				F9144E5D18DF479B004CDFE4 /* OMPromiseTests.m in Sources */,
			);
			runOnlyForDeploymentPostprocessing = 0;
		};
		F9144E4318DF4778004CDFE4 /* Sources */ = {
			isa = PBXSourcesBuildPhase;
			buildActionMask = 2147483647;
			files = (
				F9144E5C18DF479B004CDFE4 /* OMDeferredTests.m in Sources */,
				F9144E6018DF479B004CDFE4 /* OMHTTPPromiseTests.m in Sources */,
				F9144E5E18DF479B004CDFE4 /* OMPromiseTests.m in Sources */,
			);
			runOnlyForDeploymentPostprocessing = 0;
		};
/* End PBXSourcesBuildPhase section */

/* Begin PBXVariantGroup section */
		F9144E3A18DF4761004CDFE4 /* InfoPlist.strings */ = {
			isa = PBXVariantGroup;
			children = (
				F9144E3B18DF4761004CDFE4 /* en */,
			);
			name = InfoPlist.strings;
			sourceTree = "<group>";
		};
		F9144E4C18DF4778004CDFE4 /* InfoPlist.strings */ = {
			isa = PBXVariantGroup;
			children = (
				F9144E4D18DF4778004CDFE4 /* en */,
			);
			name = InfoPlist.strings;
			sourceTree = "<group>";
		};
/* End PBXVariantGroup section */

/* Begin XCBuildConfiguration section */
		F9144E2818DF474C004CDFE4 /* Debug */ = {
			isa = XCBuildConfiguration;
			buildSettings = {
				IPHONEOS_DEPLOYMENT_TARGET = 5.0;
				MACOSX_DEPLOYMENT_TARGET = 10.7;
			};
			name = Debug;
		};
		F9144E2918DF474C004CDFE4 /* Release */ = {
			isa = XCBuildConfiguration;
			buildSettings = {
				IPHONEOS_DEPLOYMENT_TARGET = 5.0;
				MACOSX_DEPLOYMENT_TARGET = 10.7;
			};
			name = Release;
		};
		F9144E4118DF4761004CDFE4 /* Debug */ = {
			isa = XCBuildConfiguration;
			buildSettings = {
				ALWAYS_SEARCH_USER_PATHS = NO;
				ARCHS = "$(ARCHS_STANDARD_INCLUDING_64_BIT)";
				CLANG_CXX_LANGUAGE_STANDARD = "gnu++0x";
				CLANG_CXX_LIBRARY = "libc++";
				CLANG_ENABLE_MODULES = YES;
				CLANG_ENABLE_OBJC_ARC = YES;
				CLANG_WARN_BOOL_CONVERSION = YES;
				CLANG_WARN_CONSTANT_CONVERSION = YES;
				CLANG_WARN_DIRECT_OBJC_ISA_USAGE = YES_ERROR;
				CLANG_WARN_EMPTY_BODY = YES;
				CLANG_WARN_ENUM_CONVERSION = YES;
				CLANG_WARN_INT_CONVERSION = YES;
				CLANG_WARN_OBJC_ROOT_CLASS = YES_ERROR;
				CLANG_WARN__DUPLICATE_METHOD_MATCH = YES;
				COPY_PHASE_STRIP = NO;
				FRAMEWORK_SEARCH_PATHS = (
					"$(SDKROOT)/Developer/Library/Frameworks",
					"$(inherited)",
					"$(DEVELOPER_FRAMEWORKS_DIR)",
				);
				GCC_C_LANGUAGE_STANDARD = gnu99;
				GCC_DYNAMIC_NO_PIC = NO;
				GCC_OPTIMIZATION_LEVEL = 0;
				GCC_PRECOMPILE_PREFIX_HEADER = YES;
				GCC_PREFIX_HEADER = "iOS-Tests/iOS-Tests-Prefix.pch";
				GCC_PREPROCESSOR_DEFINITIONS = (
					"DEBUG=1",
					"$(inherited)",
				);
				GCC_SYMBOLS_PRIVATE_EXTERN = NO;
				GCC_WARN_64_TO_32_BIT_CONVERSION = YES;
				GCC_WARN_ABOUT_RETURN_TYPE = YES_ERROR;
				GCC_WARN_UNDECLARED_SELECTOR = YES;
				GCC_WARN_UNINITIALIZED_AUTOS = YES;
				GCC_WARN_UNUSED_FUNCTION = YES;
				GCC_WARN_UNUSED_VARIABLE = YES;
				INFOPLIST_FILE = "iOS-Tests/iOS-Tests-Info.plist";
				IPHONEOS_DEPLOYMENT_TARGET = 5.0;
				ONLY_ACTIVE_ARCH = YES;
				PRODUCT_NAME = "$(TARGET_NAME)";
				SDKROOT = iphoneos;
				WRAPPER_EXTENSION = xctest;
			};
			name = Debug;
		};
		F9144E4218DF4761004CDFE4 /* Release */ = {
			isa = XCBuildConfiguration;
			buildSettings = {
				ALWAYS_SEARCH_USER_PATHS = NO;
				ARCHS = "$(ARCHS_STANDARD_INCLUDING_64_BIT)";
				CLANG_CXX_LANGUAGE_STANDARD = "gnu++0x";
				CLANG_CXX_LIBRARY = "libc++";
				CLANG_ENABLE_MODULES = YES;
				CLANG_ENABLE_OBJC_ARC = YES;
				CLANG_WARN_BOOL_CONVERSION = YES;
				CLANG_WARN_CONSTANT_CONVERSION = YES;
				CLANG_WARN_DIRECT_OBJC_ISA_USAGE = YES_ERROR;
				CLANG_WARN_EMPTY_BODY = YES;
				CLANG_WARN_ENUM_CONVERSION = YES;
				CLANG_WARN_INT_CONVERSION = YES;
				CLANG_WARN_OBJC_ROOT_CLASS = YES_ERROR;
				CLANG_WARN__DUPLICATE_METHOD_MATCH = YES;
				COPY_PHASE_STRIP = YES;
				ENABLE_NS_ASSERTIONS = NO;
				FRAMEWORK_SEARCH_PATHS = (
					"$(SDKROOT)/Developer/Library/Frameworks",
					"$(inherited)",
					"$(DEVELOPER_FRAMEWORKS_DIR)",
				);
				GCC_C_LANGUAGE_STANDARD = gnu99;
				GCC_PRECOMPILE_PREFIX_HEADER = YES;
				GCC_PREFIX_HEADER = "iOS-Tests/iOS-Tests-Prefix.pch";
				GCC_WARN_64_TO_32_BIT_CONVERSION = YES;
				GCC_WARN_ABOUT_RETURN_TYPE = YES_ERROR;
				GCC_WARN_UNDECLARED_SELECTOR = YES;
				GCC_WARN_UNINITIALIZED_AUTOS = YES;
				GCC_WARN_UNUSED_FUNCTION = YES;
				GCC_WARN_UNUSED_VARIABLE = YES;
				INFOPLIST_FILE = "iOS-Tests/iOS-Tests-Info.plist";
				IPHONEOS_DEPLOYMENT_TARGET = 5.0;
				PRODUCT_NAME = "$(TARGET_NAME)";
				SDKROOT = iphoneos;
				VALIDATE_PRODUCT = YES;
				WRAPPER_EXTENSION = xctest;
			};
			name = Release;
		};
		F9144E5318DF4778004CDFE4 /* Debug */ = {
			isa = XCBuildConfiguration;
			buildSettings = {
				ALWAYS_SEARCH_USER_PATHS = NO;
				CLANG_CXX_LANGUAGE_STANDARD = "gnu++0x";
				CLANG_CXX_LIBRARY = "libc++";
				CLANG_ENABLE_OBJC_ARC = YES;
				CLANG_WARN_BOOL_CONVERSION = YES;
				CLANG_WARN_CONSTANT_CONVERSION = YES;
				CLANG_WARN_DIRECT_OBJC_ISA_USAGE = YES_ERROR;
				CLANG_WARN_EMPTY_BODY = YES;
				CLANG_WARN_ENUM_CONVERSION = YES;
				CLANG_WARN_INT_CONVERSION = YES;
				CLANG_WARN_OBJC_ROOT_CLASS = YES_ERROR;
				CLANG_WARN__DUPLICATE_METHOD_MATCH = YES;
				COPY_PHASE_STRIP = NO;
				FRAMEWORK_SEARCH_PATHS = (
					"$(DEVELOPER_FRAMEWORKS_DIR)",
					"$(inherited)",
				);
				GCC_C_LANGUAGE_STANDARD = gnu99;
				GCC_DYNAMIC_NO_PIC = NO;
				GCC_ENABLE_OBJC_EXCEPTIONS = YES;
				GCC_OPTIMIZATION_LEVEL = 0;
				GCC_PRECOMPILE_PREFIX_HEADER = YES;
				GCC_PREFIX_HEADER = "OS-X-Tests/OS-X-Tests-Prefix.pch";
				GCC_PREPROCESSOR_DEFINITIONS = (
					"DEBUG=1",
					"$(inherited)",
				);
				GCC_SYMBOLS_PRIVATE_EXTERN = NO;
				GCC_WARN_64_TO_32_BIT_CONVERSION = YES;
				GCC_WARN_ABOUT_RETURN_TYPE = YES_ERROR;
				GCC_WARN_UNDECLARED_SELECTOR = YES;
				GCC_WARN_UNINITIALIZED_AUTOS = YES;
				GCC_WARN_UNUSED_FUNCTION = YES;
				GCC_WARN_UNUSED_VARIABLE = YES;
				INFOPLIST_FILE = "OS-X-Tests/OS-X-Tests-Info.plist";
				MACOSX_DEPLOYMENT_TARGET = 10.7;
				ONLY_ACTIVE_ARCH = YES;
				PRODUCT_NAME = "$(TARGET_NAME)";
				SDKROOT = macosx;
				WRAPPER_EXTENSION = xctest;
			};
			name = Debug;
		};
		F9144E5418DF4778004CDFE4 /* Release */ = {
			isa = XCBuildConfiguration;
			buildSettings = {
				ALWAYS_SEARCH_USER_PATHS = NO;
				CLANG_CXX_LANGUAGE_STANDARD = "gnu++0x";
				CLANG_CXX_LIBRARY = "libc++";
				CLANG_ENABLE_OBJC_ARC = YES;
				CLANG_WARN_BOOL_CONVERSION = YES;
				CLANG_WARN_CONSTANT_CONVERSION = YES;
				CLANG_WARN_DIRECT_OBJC_ISA_USAGE = YES_ERROR;
				CLANG_WARN_EMPTY_BODY = YES;
				CLANG_WARN_ENUM_CONVERSION = YES;
				CLANG_WARN_INT_CONVERSION = YES;
				CLANG_WARN_OBJC_ROOT_CLASS = YES_ERROR;
				CLANG_WARN__DUPLICATE_METHOD_MATCH = YES;
				COPY_PHASE_STRIP = YES;
				DEBUG_INFORMATION_FORMAT = "dwarf-with-dsym";
				ENABLE_NS_ASSERTIONS = NO;
				FRAMEWORK_SEARCH_PATHS = (
					"$(DEVELOPER_FRAMEWORKS_DIR)",
					"$(inherited)",
				);
				GCC_C_LANGUAGE_STANDARD = gnu99;
				GCC_ENABLE_OBJC_EXCEPTIONS = YES;
				GCC_PRECOMPILE_PREFIX_HEADER = YES;
				GCC_PREFIX_HEADER = "OS-X-Tests/OS-X-Tests-Prefix.pch";
				GCC_WARN_64_TO_32_BIT_CONVERSION = YES;
				GCC_WARN_ABOUT_RETURN_TYPE = YES_ERROR;
				GCC_WARN_UNDECLARED_SELECTOR = YES;
				GCC_WARN_UNINITIALIZED_AUTOS = YES;
				GCC_WARN_UNUSED_FUNCTION = YES;
				GCC_WARN_UNUSED_VARIABLE = YES;
				INFOPLIST_FILE = "OS-X-Tests/OS-X-Tests-Info.plist";
				MACOSX_DEPLOYMENT_TARGET = 10.7;
				PRODUCT_NAME = "$(TARGET_NAME)";
				SDKROOT = macosx;
				WRAPPER_EXTENSION = xctest;
			};
			name = Release;
		};
/* End XCBuildConfiguration section */

/* Begin XCConfigurationList section */
		F9144E2718DF474C004CDFE4 /* Build configuration list for PBXProject "OMPromisesTests" */ = {
			isa = XCConfigurationList;
			buildConfigurations = (
				F9144E2818DF474C004CDFE4 /* Debug */,
				F9144E2918DF474C004CDFE4 /* Release */,
			);
			defaultConfigurationIsVisible = 0;
			defaultConfigurationName = Release;
		};
		F9144E4018DF4761004CDFE4 /* Build configuration list for PBXNativeTarget "iOS-Tests" */ = {
			isa = XCConfigurationList;
			buildConfigurations = (
				F9144E4118DF4761004CDFE4 /* Debug */,
				F9144E4218DF4761004CDFE4 /* Release */,
			);
			defaultConfigurationIsVisible = 0;
		};
		F9144E5218DF4778004CDFE4 /* Build configuration list for PBXNativeTarget "OS-X-Tests" */ = {
			isa = XCConfigurationList;
			buildConfigurations = (
				F9144E5318DF4778004CDFE4 /* Debug */,
				F9144E5418DF4778004CDFE4 /* Release */,
			);
			defaultConfigurationIsVisible = 0;
		};
/* End XCConfigurationList section */
	};
	rootObject = F9144E2418DF474C004CDFE4 /* Project object */;
}
